
Microsoft Visual Studio Solution File, Format Version 12.00
# Visual Studio Version 17
VisualStudioVersion = 17.2.32630.192
MinimumVisualStudioVersion = 10.0.40219.1
Project("{9A19103F-16F7-4668-BE54-9A1E7A4F7556}") = "Introduction", "Introduction\Introduction.csproj", "{9FAE8DE7-11E4-4011-9CE9-7A3045EDFEB6}"
EndProject
Project("{9A19103F-16F7-4668-BE54-9A1E7A4F7556}") = "VSDemo", "VSDemo\VSDemo.csproj", "{B18DA214-4E8A-4D53-AEC4-8625178393AD}"
EndProject
Project("{9A19103F-16F7-4668-BE54-9A1E7A4F7556}") = "Variabler", "Variabler\Variabler.csproj", "{46BE9CBC-22A1-4200-8DE5-80BD21C68FEE}"
EndProject
Project("{9A19103F-16F7-4668-BE54-9A1E7A4F7556}") = "Loopar", "Loopar\Loopar.csproj", "{AB9CF32F-5B7E-44B8-AFAE-B0E9B01685C8}"
EndProject
Project("{9A19103F-16F7-4668-BE54-9A1E7A4F7556}") = "Arrayer", "Arrayer\Arrayer.csproj", "{22AC7757-D3F3-4B7D-A757-30B6D72F3439}"
EndProject
Project("{9A19103F-16F7-4668-BE54-9A1E7A4F7556}") = "ClassConsole", "ClassConsole\ClassConsole.csproj", "{F9664E4F-6B9B-4AE5-AEF8-5B604F75AF10}"
EndProject
Project("{9A19103F-16F7-4668-BE54-9A1E7A4F7556}") = "ClassMath", "ClassMath\ClassMath.csproj", "{1A24801C-E7BA-4AFC-AA21-4EA17069A466}"
EndProject
Project("{9A19103F-16F7-4668-BE54-9A1E7A4F7556}") = "ClassString", "ClassString\ClassString.csproj", "{22F79136-9CE7-4384-A44D-7932FA01664B}"
EndProject
Project("{9A19103F-16F7-4668-BE54-9A1E7A4F7556}") = "Methods", "Methods\Methods.csproj", "{6E65D629-FB68-4CFB-A337-9F682A4E1EB5}"
EndProject
Project("{9A19103F-16F7-4668-BE54-9A1E7A4F7556}") = "Recursive", "Recursive\Recursive.csproj", "{057CA651-D076-42B6-88B1-E15DA27CF92C}"
EndProject
Project("{9A19103F-16F7-4668-BE54-9A1E7A4F7556}") = "Demo", "Demo\Demo.csproj", "{2FBBE29C-4516-4816-86FE-CA04F06F10A8}"
EndProject
Project("{9A19103F-16F7-4668-BE54-9A1E7A4F7556}") = "Exceptions", "Exceptions\Exceptions.csproj", "{3C79F4C2-2EC4-4C29-B328-32E42BED66FE}"
EndProject
Project("{9A19103F-16F7-4668-BE54-9A1E7A4F7556}") = "FilesAndFolders", "FilesAndFolders\FilesAndFolders.csproj", "{527D79DC-5837-4F6C-A98D-4B29E6554EF4}"
EndProject
Project("{9A19103F-16F7-4668-BE54-9A1E7A4F7556}") = "Classes", "Classes\Classes.csproj", "{362AA671-E29A-42B1-A235-D1508CECA10E}"
EndProject
Project("{9A19103F-16F7-4668-BE54-9A1E7A4F7556}") = "Properties", "Properties\Properties.csproj", "{A355DA69-2B7A-4C29-86A0-78F2C29D05E7}"
EndProject
Project("{9A19103F-16F7-4668-BE54-9A1E7A4F7556}") = "Extensions", "Extensions\Extensions.csproj", "{014C83FB-9E74-4647-B304-44579564C757}"
EndProject
Project("{9A19103F-16F7-4668-BE54-9A1E7A4F7556}") = "ValueAndReferenceTypes", "ValueAndReferenceTypes\ValueAndReferenceTypes.csproj", "{6B0A7CA4-789B-4721-9E20-C8F01D36867B}"
EndProject
Project("{9A19103F-16F7-4668-BE54-9A1E7A4F7556}") = "PassingValueTypes", "PassingValueTypes\PassingValueTypes.csproj", "{370E84AF-099F-40BD-8A57-1C7BF49F5952}"
EndProject
Project("{9A19103F-16F7-4668-BE54-9A1E7A4F7556}") = "PassingReferenceTypes", "PassingReferenceTypes\PassingReferenceTypes.csproj", "{D1104661-EE2A-485B-9388-43079B7F3BE8}"
EndProject
Project("{9A19103F-16F7-4668-BE54-9A1E7A4F7556}") = "Arv", "Arv\Arv.csproj", "{668C3FEB-083D-47B5-85A3-AAAF6AE1C804}"
EndProject
Project("{9A19103F-16F7-4668-BE54-9A1E7A4F7556}") = "ClassLibrary", "ClassLibrary\ClassLibrary.csproj", "{817A1402-7AEC-4D7C-9BE8-95FCC31A4FFE}"
EndProject
Project("{9A19103F-16F7-4668-BE54-9A1E7A4F7556}") = "NoTopLevelStatements", "NoTopLevelStatements\NoTopLevelStatements.csproj", "{A55B8E41-2EA8-463E-B442-6DE99B9008D1}"
EndProject
Project("{9A19103F-16F7-4668-BE54-9A1E7A4F7556}") = "Konstruktor", "Konstruktor\Konstruktor.csproj", "{67B0AF78-10D9-4893-9488-65A742E2DBCC}"
EndProject
Project("{9A19103F-16F7-4668-BE54-9A1E7A4F7556}") = "List", "List\List.csproj", "{1EC8F959-7C7D-417F-90F8-8CF67DC8B801}"
EndProject
Project("{9A19103F-16F7-4668-BE54-9A1E7A4F7556}") = "Dictionary", "Dictionary\Dictionary.csproj", "{DDFFFC48-7957-499D-90E6-4E056549D473}"
EndProject
Project("{9A19103F-16F7-4668-BE54-9A1E7A4F7556}") = "Stack", "Stack\Stack.csproj", "{E47839AC-BD35-42F8-AD37-61CE2110659A}"
EndProject
Project("{9A19103F-16F7-4668-BE54-9A1E7A4F7556}") = "Generics", "Generics\Generics.csproj", "{6CBE6E62-87E5-4BDB-8578-38E7D156962F}"
EndProject
Project("{9A19103F-16F7-4668-BE54-9A1E7A4F7556}") = "Interface", "Interface\Interface.csproj", "{81D91CFF-0666-4C21-8650-2F780243FC4F}"
EndProject
Project("{9A19103F-16F7-4668-BE54-9A1E7A4F7556}") = "Null", "Null\Null.csproj", "{62BF1A90-BBCD-44BF-ADA7-94B618CA70BC}"
EndProject
Project("{9A19103F-16F7-4668-BE54-9A1E7A4F7556}") = "Delegates", "Delegates\Delegates.csproj", "{6485BE1E-C0B5-4B9D-9A2A-CDD2D6EF4DE5}"
EndProject
Project("{9A19103F-16F7-4668-BE54-9A1E7A4F7556}") = "AnonymousTypes", "AnonymousTypes\AnonymousTypes.csproj", "{518F9503-998D-430A-9EAA-4A57FDF791D0}"
EndProject
Project("{9A19103F-16F7-4668-BE54-9A1E7A4F7556}") = "LINQ", "LINQ\LINQ.csproj", "{FF2CD774-FAD5-4FB2-B8F4-9953C5C40EC8}"
EndProject
Project("{9A19103F-16F7-4668-BE54-9A1E7A4F7556}") = "Events", "Events\Events.csproj", "{04BA3AF7-E726-43DB-8D5C-AD3EFB843B9F}"
EndProject
Project("{9A19103F-16F7-4668-BE54-9A1E7A4F7556}") = "WinFormsIntroduction", "WinFormsIntroduction\WinFormsIntroduction.csproj", "{84ACF399-7F70-45BE-AA7E-13E8394CD580}"
EndProject
Project("{9A19103F-16F7-4668-BE54-9A1E7A4F7556}") = "WinFormsControls", "WinFormsControls\WinFormsControls.csproj", "{7906E665-10FB-4EE1-B5FA-15523FEBFAA3}"
EndProject
Project("{9A19103F-16F7-4668-BE54-9A1E7A4F7556}") = "WinFormsMultiForms", "WinFormsMultiForms\WinFormsMultiForms.csproj", "{964265A8-3FB1-45EC-82DF-DC425F26C33E}"
EndProject
Project("{9A19103F-16F7-4668-BE54-9A1E7A4F7556}") = "WinFormsAdvanced", "WinFormsAdvanced\WinFormsAdvanced.csproj", "{67D6DB37-A825-489B-A9A6-B04FC9CBC608}"
EndProject
Project("{9A19103F-16F7-4668-BE54-9A1E7A4F7556}") = "WinFormsUserControls", "WinFormsUserControls\WinFormsUserControls.csproj", "{043E756F-C7F1-4F03-B4BE-616754570DE1}"
EndProject
Project("{9A19103F-16F7-4668-BE54-9A1E7A4F7556}") = "WinFormsLoadFile", "WinFormsLoadFile\WinFormsLoadFile.csproj", "{E023864B-4C53-4743-B9D2-6696D5ECD1B9}"
EndProject
Project("{9A19103F-16F7-4668-BE54-9A1E7A4F7556}") = "SQLDemo", "SQLDemo\SQLDemo.csproj", "{9F724302-3BF0-41B5-ADAC-BB7FFD4D7783}"
EndProject
Project("{9A19103F-16F7-4668-BE54-9A1E7A4F7556}") = "EFDemo", "EFDemo\EFDemo.csproj", "{69D59438-DF07-41A1-A243-C17A636B73E3}"
EndProject
Project("{9A19103F-16F7-4668-BE54-9A1E7A4F7556}") = "EFSchoolDemo", "EFSchoolDemo\EFSchoolDemo.csproj", "{EAD8A614-C900-4699-9456-64B6F32CDBC2}"
EndProject
Project("{FAE04EC0-301F-11D3-BF4B-00C04F79EFBC}") = "EFScaffoldingDemo", "EFScaffoldingDemo\EFScaffoldingDemo.csproj", "{30C77CFD-AEDB-4AAE-A10C-4C48C4455945}"
EndProject
Global
	GlobalSection(SolutionConfigurationPlatforms) = preSolution
		Debug|Any CPU = Debug|Any CPU
		Release|Any CPU = Release|Any CPU
	EndGlobalSection
	GlobalSection(ProjectConfigurationPlatforms) = postSolution
		{9FAE8DE7-11E4-4011-9CE9-7A3045EDFEB6}.Debug|Any CPU.ActiveCfg = Debug|Any CPU
		{9FAE8DE7-11E4-4011-9CE9-7A3045EDFEB6}.Debug|Any CPU.Build.0 = Debug|Any CPU
		{9FAE8DE7-11E4-4011-9CE9-7A3045EDFEB6}.Release|Any CPU.ActiveCfg = Release|Any CPU
		{9FAE8DE7-11E4-4011-9CE9-7A3045EDFEB6}.Release|Any CPU.Build.0 = Release|Any CPU
		{B18DA214-4E8A-4D53-AEC4-8625178393AD}.Debug|Any CPU.ActiveCfg = Debug|Any CPU
		{B18DA214-4E8A-4D53-AEC4-8625178393AD}.Debug|Any CPU.Build.0 = Debug|Any CPU
		{B18DA214-4E8A-4D53-AEC4-8625178393AD}.Release|Any CPU.ActiveCfg = Release|Any CPU
		{B18DA214-4E8A-4D53-AEC4-8625178393AD}.Release|Any CPU.Build.0 = Release|Any CPU
		{46BE9CBC-22A1-4200-8DE5-80BD21C68FEE}.Debug|Any CPU.ActiveCfg = Debug|Any CPU
		{46BE9CBC-22A1-4200-8DE5-80BD21C68FEE}.Debug|Any CPU.Build.0 = Debug|Any CPU
		{46BE9CBC-22A1-4200-8DE5-80BD21C68FEE}.Release|Any CPU.ActiveCfg = Release|Any CPU
		{46BE9CBC-22A1-4200-8DE5-80BD21C68FEE}.Release|Any CPU.Build.0 = Release|Any CPU
		{AB9CF32F-5B7E-44B8-AFAE-B0E9B01685C8}.Debug|Any CPU.ActiveCfg = Debug|Any CPU
		{AB9CF32F-5B7E-44B8-AFAE-B0E9B01685C8}.Debug|Any CPU.Build.0 = Debug|Any CPU
		{AB9CF32F-5B7E-44B8-AFAE-B0E9B01685C8}.Release|Any CPU.ActiveCfg = Release|Any CPU
		{AB9CF32F-5B7E-44B8-AFAE-B0E9B01685C8}.Release|Any CPU.Build.0 = Release|Any CPU
		{22AC7757-D3F3-4B7D-A757-30B6D72F3439}.Debug|Any CPU.ActiveCfg = Debug|Any CPU
		{22AC7757-D3F3-4B7D-A757-30B6D72F3439}.Debug|Any CPU.Build.0 = Debug|Any CPU
		{22AC7757-D3F3-4B7D-A757-30B6D72F3439}.Release|Any CPU.ActiveCfg = Release|Any CPU
		{22AC7757-D3F3-4B7D-A757-30B6D72F3439}.Release|Any CPU.Build.0 = Release|Any CPU
		{F9664E4F-6B9B-4AE5-AEF8-5B604F75AF10}.Debug|Any CPU.ActiveCfg = Debug|Any CPU
		{F9664E4F-6B9B-4AE5-AEF8-5B604F75AF10}.Debug|Any CPU.Build.0 = Debug|Any CPU
		{F9664E4F-6B9B-4AE5-AEF8-5B604F75AF10}.Release|Any CPU.ActiveCfg = Release|Any CPU
		{F9664E4F-6B9B-4AE5-AEF8-5B604F75AF10}.Release|Any CPU.Build.0 = Release|Any CPU
		{1A24801C-E7BA-4AFC-AA21-4EA17069A466}.Debug|Any CPU.ActiveCfg = Debug|Any CPU
		{1A24801C-E7BA-4AFC-AA21-4EA17069A466}.Debug|Any CPU.Build.0 = Debug|Any CPU
		{1A24801C-E7BA-4AFC-AA21-4EA17069A466}.Release|Any CPU.ActiveCfg = Release|Any CPU
		{1A24801C-E7BA-4AFC-AA21-4EA17069A466}.Release|Any CPU.Build.0 = Release|Any CPU
		{22F79136-9CE7-4384-A44D-7932FA01664B}.Debug|Any CPU.ActiveCfg = Debug|Any CPU
		{22F79136-9CE7-4384-A44D-7932FA01664B}.Debug|Any CPU.Build.0 = Debug|Any CPU
		{22F79136-9CE7-4384-A44D-7932FA01664B}.Release|Any CPU.ActiveCfg = Release|Any CPU
		{22F79136-9CE7-4384-A44D-7932FA01664B}.Release|Any CPU.Build.0 = Release|Any CPU
		{6E65D629-FB68-4CFB-A337-9F682A4E1EB5}.Debug|Any CPU.ActiveCfg = Debug|Any CPU
		{6E65D629-FB68-4CFB-A337-9F682A4E1EB5}.Debug|Any CPU.Build.0 = Debug|Any CPU
		{6E65D629-FB68-4CFB-A337-9F682A4E1EB5}.Release|Any CPU.ActiveCfg = Release|Any CPU
		{6E65D629-FB68-4CFB-A337-9F682A4E1EB5}.Release|Any CPU.Build.0 = Release|Any CPU
		{057CA651-D076-42B6-88B1-E15DA27CF92C}.Debug|Any CPU.ActiveCfg = Debug|Any CPU
		{057CA651-D076-42B6-88B1-E15DA27CF92C}.Debug|Any CPU.Build.0 = Debug|Any CPU
		{057CA651-D076-42B6-88B1-E15DA27CF92C}.Release|Any CPU.ActiveCfg = Release|Any CPU
		{057CA651-D076-42B6-88B1-E15DA27CF92C}.Release|Any CPU.Build.0 = Release|Any CPU
		{2FBBE29C-4516-4816-86FE-CA04F06F10A8}.Debug|Any CPU.ActiveCfg = Debug|Any CPU
		{2FBBE29C-4516-4816-86FE-CA04F06F10A8}.Debug|Any CPU.Build.0 = Debug|Any CPU
		{2FBBE29C-4516-4816-86FE-CA04F06F10A8}.Release|Any CPU.ActiveCfg = Release|Any CPU
		{2FBBE29C-4516-4816-86FE-CA04F06F10A8}.Release|Any CPU.Build.0 = Release|Any CPU
		{3C79F4C2-2EC4-4C29-B328-32E42BED66FE}.Debug|Any CPU.ActiveCfg = Debug|Any CPU
		{3C79F4C2-2EC4-4C29-B328-32E42BED66FE}.Debug|Any CPU.Build.0 = Debug|Any CPU
		{3C79F4C2-2EC4-4C29-B328-32E42BED66FE}.Release|Any CPU.ActiveCfg = Release|Any CPU
		{3C79F4C2-2EC4-4C29-B328-32E42BED66FE}.Release|Any CPU.Build.0 = Release|Any CPU
		{527D79DC-5837-4F6C-A98D-4B29E6554EF4}.Debug|Any CPU.ActiveCfg = Debug|Any CPU
		{527D79DC-5837-4F6C-A98D-4B29E6554EF4}.Debug|Any CPU.Build.0 = Debug|Any CPU
		{527D79DC-5837-4F6C-A98D-4B29E6554EF4}.Release|Any CPU.ActiveCfg = Release|Any CPU
		{527D79DC-5837-4F6C-A98D-4B29E6554EF4}.Release|Any CPU.Build.0 = Release|Any CPU
		{362AA671-E29A-42B1-A235-D1508CECA10E}.Debug|Any CPU.ActiveCfg = Debug|Any CPU
		{362AA671-E29A-42B1-A235-D1508CECA10E}.Debug|Any CPU.Build.0 = Debug|Any CPU
		{362AA671-E29A-42B1-A235-D1508CECA10E}.Release|Any CPU.ActiveCfg = Release|Any CPU
		{362AA671-E29A-42B1-A235-D1508CECA10E}.Release|Any CPU.Build.0 = Release|Any CPU
		{A355DA69-2B7A-4C29-86A0-78F2C29D05E7}.Debug|Any CPU.ActiveCfg = Debug|Any CPU
		{A355DA69-2B7A-4C29-86A0-78F2C29D05E7}.Debug|Any CPU.Build.0 = Debug|Any CPU
		{A355DA69-2B7A-4C29-86A0-78F2C29D05E7}.Release|Any CPU.ActiveCfg = Release|Any CPU
		{A355DA69-2B7A-4C29-86A0-78F2C29D05E7}.Release|Any CPU.Build.0 = Release|Any CPU
		{014C83FB-9E74-4647-B304-44579564C757}.Debug|Any CPU.ActiveCfg = Debug|Any CPU
		{014C83FB-9E74-4647-B304-44579564C757}.Debug|Any CPU.Build.0 = Debug|Any CPU
		{014C83FB-9E74-4647-B304-44579564C757}.Release|Any CPU.ActiveCfg = Release|Any CPU
		{014C83FB-9E74-4647-B304-44579564C757}.Release|Any CPU.Build.0 = Release|Any CPU
		{6B0A7CA4-789B-4721-9E20-C8F01D36867B}.Debug|Any CPU.ActiveCfg = Debug|Any CPU
		{6B0A7CA4-789B-4721-9E20-C8F01D36867B}.Debug|Any CPU.Build.0 = Debug|Any CPU
		{6B0A7CA4-789B-4721-9E20-C8F01D36867B}.Release|Any CPU.ActiveCfg = Release|Any CPU
		{6B0A7CA4-789B-4721-9E20-C8F01D36867B}.Release|Any CPU.Build.0 = Release|Any CPU
		{370E84AF-099F-40BD-8A57-1C7BF49F5952}.Debug|Any CPU.ActiveCfg = Debug|Any CPU
		{370E84AF-099F-40BD-8A57-1C7BF49F5952}.Debug|Any CPU.Build.0 = Debug|Any CPU
		{370E84AF-099F-40BD-8A57-1C7BF49F5952}.Release|Any CPU.ActiveCfg = Release|Any CPU
		{370E84AF-099F-40BD-8A57-1C7BF49F5952}.Release|Any CPU.Build.0 = Release|Any CPU
		{D1104661-EE2A-485B-9388-43079B7F3BE8}.Debug|Any CPU.ActiveCfg = Debug|Any CPU
		{D1104661-EE2A-485B-9388-43079B7F3BE8}.Debug|Any CPU.Build.0 = Debug|Any CPU
		{D1104661-EE2A-485B-9388-43079B7F3BE8}.Release|Any CPU.ActiveCfg = Release|Any CPU
		{D1104661-EE2A-485B-9388-43079B7F3BE8}.Release|Any CPU.Build.0 = Release|Any CPU
		{668C3FEB-083D-47B5-85A3-AAAF6AE1C804}.Debug|Any CPU.ActiveCfg = Debug|Any CPU
		{668C3FEB-083D-47B5-85A3-AAAF6AE1C804}.Debug|Any CPU.Build.0 = Debug|Any CPU
		{668C3FEB-083D-47B5-85A3-AAAF6AE1C804}.Release|Any CPU.ActiveCfg = Release|Any CPU
		{668C3FEB-083D-47B5-85A3-AAAF6AE1C804}.Release|Any CPU.Build.0 = Release|Any CPU
		{817A1402-7AEC-4D7C-9BE8-95FCC31A4FFE}.Debug|Any CPU.ActiveCfg = Debug|Any CPU
		{817A1402-7AEC-4D7C-9BE8-95FCC31A4FFE}.Debug|Any CPU.Build.0 = Debug|Any CPU
		{817A1402-7AEC-4D7C-9BE8-95FCC31A4FFE}.Release|Any CPU.ActiveCfg = Release|Any CPU
		{817A1402-7AEC-4D7C-9BE8-95FCC31A4FFE}.Release|Any CPU.Build.0 = Release|Any CPU
		{A55B8E41-2EA8-463E-B442-6DE99B9008D1}.Debug|Any CPU.ActiveCfg = Debug|Any CPU
		{A55B8E41-2EA8-463E-B442-6DE99B9008D1}.Debug|Any CPU.Build.0 = Debug|Any CPU
		{A55B8E41-2EA8-463E-B442-6DE99B9008D1}.Release|Any CPU.ActiveCfg = Release|Any CPU
		{A55B8E41-2EA8-463E-B442-6DE99B9008D1}.Release|Any CPU.Build.0 = Release|Any CPU
		{67B0AF78-10D9-4893-9488-65A742E2DBCC}.Debug|Any CPU.ActiveCfg = Debug|Any CPU
		{67B0AF78-10D9-4893-9488-65A742E2DBCC}.Debug|Any CPU.Build.0 = Debug|Any CPU
		{67B0AF78-10D9-4893-9488-65A742E2DBCC}.Release|Any CPU.ActiveCfg = Release|Any CPU
		{67B0AF78-10D9-4893-9488-65A742E2DBCC}.Release|Any CPU.Build.0 = Release|Any CPU
		{1EC8F959-7C7D-417F-90F8-8CF67DC8B801}.Debug|Any CPU.ActiveCfg = Debug|Any CPU
		{1EC8F959-7C7D-417F-90F8-8CF67DC8B801}.Debug|Any CPU.Build.0 = Debug|Any CPU
		{1EC8F959-7C7D-417F-90F8-8CF67DC8B801}.Release|Any CPU.ActiveCfg = Release|Any CPU
		{1EC8F959-7C7D-417F-90F8-8CF67DC8B801}.Release|Any CPU.Build.0 = Release|Any CPU
		{DDFFFC48-7957-499D-90E6-4E056549D473}.Debug|Any CPU.ActiveCfg = Debug|Any CPU
		{DDFFFC48-7957-499D-90E6-4E056549D473}.Debug|Any CPU.Build.0 = Debug|Any CPU
		{DDFFFC48-7957-499D-90E6-4E056549D473}.Release|Any CPU.ActiveCfg = Release|Any CPU
		{DDFFFC48-7957-499D-90E6-4E056549D473}.Release|Any CPU.Build.0 = Release|Any CPU
		{E47839AC-BD35-42F8-AD37-61CE2110659A}.Debug|Any CPU.ActiveCfg = Debug|Any CPU
		{E47839AC-BD35-42F8-AD37-61CE2110659A}.Debug|Any CPU.Build.0 = Debug|Any CPU
		{E47839AC-BD35-42F8-AD37-61CE2110659A}.Release|Any CPU.ActiveCfg = Release|Any CPU
		{E47839AC-BD35-42F8-AD37-61CE2110659A}.Release|Any CPU.Build.0 = Release|Any CPU
		{6CBE6E62-87E5-4BDB-8578-38E7D156962F}.Debug|Any CPU.ActiveCfg = Debug|Any CPU
		{6CBE6E62-87E5-4BDB-8578-38E7D156962F}.Debug|Any CPU.Build.0 = Debug|Any CPU
		{6CBE6E62-87E5-4BDB-8578-38E7D156962F}.Release|Any CPU.ActiveCfg = Release|Any CPU
		{6CBE6E62-87E5-4BDB-8578-38E7D156962F}.Release|Any CPU.Build.0 = Release|Any CPU
		{81D91CFF-0666-4C21-8650-2F780243FC4F}.Debug|Any CPU.ActiveCfg = Debug|Any CPU
		{81D91CFF-0666-4C21-8650-2F780243FC4F}.Debug|Any CPU.Build.0 = Debug|Any CPU
		{81D91CFF-0666-4C21-8650-2F780243FC4F}.Release|Any CPU.ActiveCfg = Release|Any CPU
		{81D91CFF-0666-4C21-8650-2F780243FC4F}.Release|Any CPU.Build.0 = Release|Any CPU
		{62BF1A90-BBCD-44BF-ADA7-94B618CA70BC}.Debug|Any CPU.ActiveCfg = Debug|Any CPU
		{62BF1A90-BBCD-44BF-ADA7-94B618CA70BC}.Debug|Any CPU.Build.0 = Debug|Any CPU
		{62BF1A90-BBCD-44BF-ADA7-94B618CA70BC}.Release|Any CPU.ActiveCfg = Release|Any CPU
		{62BF1A90-BBCD-44BF-ADA7-94B618CA70BC}.Release|Any CPU.Build.0 = Release|Any CPU
		{6485BE1E-C0B5-4B9D-9A2A-CDD2D6EF4DE5}.Debug|Any CPU.ActiveCfg = Debug|Any CPU
		{6485BE1E-C0B5-4B9D-9A2A-CDD2D6EF4DE5}.Debug|Any CPU.Build.0 = Debug|Any CPU
		{6485BE1E-C0B5-4B9D-9A2A-CDD2D6EF4DE5}.Release|Any CPU.ActiveCfg = Release|Any CPU
		{6485BE1E-C0B5-4B9D-9A2A-CDD2D6EF4DE5}.Release|Any CPU.Build.0 = Release|Any CPU
		{518F9503-998D-430A-9EAA-4A57FDF791D0}.Debug|Any CPU.ActiveCfg = Debug|Any CPU
		{518F9503-998D-430A-9EAA-4A57FDF791D0}.Debug|Any CPU.Build.0 = Debug|Any CPU
		{518F9503-998D-430A-9EAA-4A57FDF791D0}.Release|Any CPU.ActiveCfg = Release|Any CPU
		{518F9503-998D-430A-9EAA-4A57FDF791D0}.Release|Any CPU.Build.0 = Release|Any CPU
		{FF2CD774-FAD5-4FB2-B8F4-9953C5C40EC8}.Debug|Any CPU.ActiveCfg = Debug|Any CPU
		{FF2CD774-FAD5-4FB2-B8F4-9953C5C40EC8}.Debug|Any CPU.Build.0 = Debug|Any CPU
		{FF2CD774-FAD5-4FB2-B8F4-9953C5C40EC8}.Release|Any CPU.ActiveCfg = Release|Any CPU
		{FF2CD774-FAD5-4FB2-B8F4-9953C5C40EC8}.Release|Any CPU.Build.0 = Release|Any CPU
		{04BA3AF7-E726-43DB-8D5C-AD3EFB843B9F}.Debug|Any CPU.ActiveCfg = Debug|Any CPU
		{04BA3AF7-E726-43DB-8D5C-AD3EFB843B9F}.Debug|Any CPU.Build.0 = Debug|Any CPU
		{04BA3AF7-E726-43DB-8D5C-AD3EFB843B9F}.Release|Any CPU.ActiveCfg = Release|Any CPU
		{04BA3AF7-E726-43DB-8D5C-AD3EFB843B9F}.Release|Any CPU.Build.0 = Release|Any CPU
		{84ACF399-7F70-45BE-AA7E-13E8394CD580}.Debug|Any CPU.ActiveCfg = Debug|Any CPU
		{84ACF399-7F70-45BE-AA7E-13E8394CD580}.Debug|Any CPU.Build.0 = Debug|Any CPU
		{84ACF399-7F70-45BE-AA7E-13E8394CD580}.Release|Any CPU.ActiveCfg = Release|Any CPU
		{84ACF399-7F70-45BE-AA7E-13E8394CD580}.Release|Any CPU.Build.0 = Release|Any CPU
		{7906E665-10FB-4EE1-B5FA-15523FEBFAA3}.Debug|Any CPU.ActiveCfg = Debug|Any CPU
		{7906E665-10FB-4EE1-B5FA-15523FEBFAA3}.Debug|Any CPU.Build.0 = Debug|Any CPU
		{7906E665-10FB-4EE1-B5FA-15523FEBFAA3}.Release|Any CPU.ActiveCfg = Release|Any CPU
		{7906E665-10FB-4EE1-B5FA-15523FEBFAA3}.Release|Any CPU.Build.0 = Release|Any CPU
		{964265A8-3FB1-45EC-82DF-DC425F26C33E}.Debug|Any CPU.ActiveCfg = Debug|Any CPU
		{964265A8-3FB1-45EC-82DF-DC425F26C33E}.Debug|Any CPU.Build.0 = Debug|Any CPU
		{964265A8-3FB1-45EC-82DF-DC425F26C33E}.Release|Any CPU.ActiveCfg = Release|Any CPU
		{964265A8-3FB1-45EC-82DF-DC425F26C33E}.Release|Any CPU.Build.0 = Release|Any CPU
		{67D6DB37-A825-489B-A9A6-B04FC9CBC608}.Debug|Any CPU.ActiveCfg = Debug|Any CPU
		{67D6DB37-A825-489B-A9A6-B04FC9CBC608}.Debug|Any CPU.Build.0 = Debug|Any CPU
		{67D6DB37-A825-489B-A9A6-B04FC9CBC608}.Release|Any CPU.ActiveCfg = Release|Any CPU
		{67D6DB37-A825-489B-A9A6-B04FC9CBC608}.Release|Any CPU.Build.0 = Release|Any CPU
		{043E756F-C7F1-4F03-B4BE-616754570DE1}.Debug|Any CPU.ActiveCfg = Debug|Any CPU
		{043E756F-C7F1-4F03-B4BE-616754570DE1}.Debug|Any CPU.Build.0 = Debug|Any CPU
		{043E756F-C7F1-4F03-B4BE-616754570DE1}.Release|Any CPU.ActiveCfg = Release|Any CPU
		{043E756F-C7F1-4F03-B4BE-616754570DE1}.Release|Any CPU.Build.0 = Release|Any CPU
		{E023864B-4C53-4743-B9D2-6696D5ECD1B9}.Debug|Any CPU.ActiveCfg = Debug|Any CPU
		{E023864B-4C53-4743-B9D2-6696D5ECD1B9}.Debug|Any CPU.Build.0 = Debug|Any CPU
		{E023864B-4C53-4743-B9D2-6696D5ECD1B9}.Release|Any CPU.ActiveCfg = Release|Any CPU
		{E023864B-4C53-4743-B9D2-6696D5ECD1B9}.Release|Any CPU.Build.0 = Release|Any CPU
		{9F724302-3BF0-41B5-ADAC-BB7FFD4D7783}.Debug|Any CPU.ActiveCfg = Debug|Any CPU
		{9F724302-3BF0-41B5-ADAC-BB7FFD4D7783}.Debug|Any CPU.Build.0 = Debug|Any CPU
		{9F724302-3BF0-41B5-ADAC-BB7FFD4D7783}.Release|Any CPU.ActiveCfg = Release|Any CPU
		{9F724302-3BF0-41B5-ADAC-BB7FFD4D7783}.Release|Any CPU.Build.0 = Release|Any CPU
		{69D59438-DF07-41A1-A243-C17A636B73E3}.Debug|Any CPU.ActiveCfg = Debug|Any CPU
		{69D59438-DF07-41A1-A243-C17A636B73E3}.Debug|Any CPU.Build.0 = Debug|Any CPU
		{69D59438-DF07-41A1-A243-C17A636B73E3}.Release|Any CPU.ActiveCfg = Release|Any CPU
		{69D59438-DF07-41A1-A243-C17A636B73E3}.Release|Any CPU.Build.0 = Release|Any CPU
		{EAD8A614-C900-4699-9456-64B6F32CDBC2}.Debug|Any CPU.ActiveCfg = Debug|Any CPU
		{EAD8A614-C900-4699-9456-64B6F32CDBC2}.Debug|Any CPU.Build.0 = Debug|Any CPU
		{EAD8A614-C900-4699-9456-64B6F32CDBC2}.Release|Any CPU.ActiveCfg = Release|Any CPU
		{EAD8A614-C900-4699-9456-64B6F32CDBC2}.Release|Any CPU.Build.0 = Release|Any CPU
		{30C77CFD-AEDB-4AAE-A10C-4C48C4455945}.Debug|Any CPU.ActiveCfg = Debug|Any CPU
		{30C77CFD-AEDB-4AAE-A10C-4C48C4455945}.Debug|Any CPU.Build.0 = Debug|Any CPU
		{30C77CFD-AEDB-4AAE-A10C-4C48C4455945}.Release|Any CPU.ActiveCfg = Release|Any CPU
		{30C77CFD-AEDB-4AAE-A10C-4C48C4455945}.Release|Any CPU.Build.0 = Release|Any CPU
	EndGlobalSection
	GlobalSection(SolutionProperties) = preSolution
		HideSolutionNode = FALSE
	EndGlobalSection
	GlobalSection(ExtensibilityGlobals) = postSolution
		SolutionGuid = {DE9CBA2B-0CF2-40FB-9938-5B52D0A28E25}
	EndGlobalSection
EndGlobal
