
Microsoft Visual Studio Solution File, Format Version 12.00
# Visual Studio Version 17
VisualStudioVersion = 17.2.32630.192
MinimumVisualStudioVersion = 10.0.40219.1
Project("{9A19103F-16F7-4668-BE54-9A1E7A4F7556}") = "Introduction", "Introduction\Introduction.csproj", "{9FAE8DE7-11E4-4011-9CE9-7A3045EDFEB6}"
EndProject
Project("{9A19103F-16F7-4668-BE54-9A1E7A4F7556}") = "VSDemo", "VSDemo\VSDemo.csproj", "{B18DA214-4E8A-4D53-AEC4-8625178393AD}"
EndProject
Project("{9A19103F-16F7-4668-BE54-9A1E7A4F7556}") = "Variabler", "Variabler\Variabler.csproj", "{46BE9CBC-22A1-4200-8DE5-80BD21C68FEE}"
EndProject
Project("{9A19103F-16F7-4668-BE54-9A1E7A4F7556}") = "Loopar", "Loopar\Loopar.csproj", "{AB9CF32F-5B7E-44B8-AFAE-B0E9B01685C8}"
EndProject
Project("{9A19103F-16F7-4668-BE54-9A1E7A4F7556}") = "Arrayer", "Arrayer\Arrayer.csproj", "{22AC7757-D3F3-4B7D-A757-30B6D72F3439}"
EndProject
Project("{9A19103F-16F7-4668-BE54-9A1E7A4F7556}") = "ClassConsole", "ClassConsole\ClassConsole.csproj", "{F9664E4F-6B9B-4AE5-AEF8-5B604F75AF10}"
EndProject
Project("{9A19103F-16F7-4668-BE54-9A1E7A4F7556}") = "ClassMath", "ClassMath\ClassMath.csproj", "{1A24801C-E7BA-4AFC-AA21-4EA17069A466}"
EndProject
Project("{9A19103F-16F7-4668-BE54-9A1E7A4F7556}") = "ClassString", "ClassString\ClassString.csproj", "{22F79136-9CE7-4384-A44D-7932FA01664B}"
EndProject
Project("{9A19103F-16F7-4668-BE54-9A1E7A4F7556}") = "Methods", "Methods\Methods.csproj", "{6E65D629-FB68-4CFB-A337-9F682A4E1EB5}"
EndProject
Project("{9A19103F-16F7-4668-BE54-9A1E7A4F7556}") = "Recursive", "Recursive\Recursive.csproj", "{057CA651-D076-42B6-88B1-E15DA27CF92C}"
EndProject
Project("{9A19103F-16F7-4668-BE54-9A1E7A4F7556}") = "Demo", "Demo\Demo.csproj", "{2FBBE29C-4516-4816-86FE-CA04F06F10A8}"
EndProject
Project("{9A19103F-16F7-4668-BE54-9A1E7A4F7556}") = "Exceptions", "Exceptions\Exceptions.csproj", "{3C79F4C2-2EC4-4C29-B328-32E42BED66FE}"
EndProject
Project("{9A19103F-16F7-4668-BE54-9A1E7A4F7556}") = "FilesAndFolders", "FilesAndFolders\FilesAndFolders.csproj", "{527D79DC-5837-4F6C-A98D-4B29E6554EF4}"
EndProject
Project("{9A19103F-16F7-4668-BE54-9A1E7A4F7556}") = "Classes", "Classes\Classes.csproj", "{362AA671-E29A-42B1-A235-D1508CECA10E}"
EndProject
Project("{FAE04EC0-301F-11D3-BF4B-00C04F79EFBC}") = "Properties", "Properties\Properties.csproj", "{A355DA69-2B7A-4C29-86A0-78F2C29D05E7}"
EndProject
Project("{FAE04EC0-301F-11D3-BF4B-00C04F79EFBC}") = "Extensions", "Extensions\Extensions.csproj", "{014C83FB-9E74-4647-B304-44579564C757}"
EndProject
Global
	GlobalSection(SolutionConfigurationPlatforms) = preSolution
		Debug|Any CPU = Debug|Any CPU
		Release|Any CPU = Release|Any CPU
	EndGlobalSection
	GlobalSection(ProjectConfigurationPlatforms) = postSolution
		{9FAE8DE7-11E4-4011-9CE9-7A3045EDFEB6}.Debug|Any CPU.ActiveCfg = Debug|Any CPU
		{9FAE8DE7-11E4-4011-9CE9-7A3045EDFEB6}.Debug|Any CPU.Build.0 = Debug|Any CPU
		{9FAE8DE7-11E4-4011-9CE9-7A3045EDFEB6}.Release|Any CPU.ActiveCfg = Release|Any CPU
		{9FAE8DE7-11E4-4011-9CE9-7A3045EDFEB6}.Release|Any CPU.Build.0 = Release|Any CPU
		{B18DA214-4E8A-4D53-AEC4-8625178393AD}.Debug|Any CPU.ActiveCfg = Debug|Any CPU
		{B18DA214-4E8A-4D53-AEC4-8625178393AD}.Debug|Any CPU.Build.0 = Debug|Any CPU
		{B18DA214-4E8A-4D53-AEC4-8625178393AD}.Release|Any CPU.ActiveCfg = Release|Any CPU
		{B18DA214-4E8A-4D53-AEC4-8625178393AD}.Release|Any CPU.Build.0 = Release|Any CPU
		{46BE9CBC-22A1-4200-8DE5-80BD21C68FEE}.Debug|Any CPU.ActiveCfg = Debug|Any CPU
		{46BE9CBC-22A1-4200-8DE5-80BD21C68FEE}.Debug|Any CPU.Build.0 = Debug|Any CPU
		{46BE9CBC-22A1-4200-8DE5-80BD21C68FEE}.Release|Any CPU.ActiveCfg = Release|Any CPU
		{46BE9CBC-22A1-4200-8DE5-80BD21C68FEE}.Release|Any CPU.Build.0 = Release|Any CPU
		{AB9CF32F-5B7E-44B8-AFAE-B0E9B01685C8}.Debug|Any CPU.ActiveCfg = Debug|Any CPU
		{AB9CF32F-5B7E-44B8-AFAE-B0E9B01685C8}.Debug|Any CPU.Build.0 = Debug|Any CPU
		{AB9CF32F-5B7E-44B8-AFAE-B0E9B01685C8}.Release|Any CPU.ActiveCfg = Release|Any CPU
		{AB9CF32F-5B7E-44B8-AFAE-B0E9B01685C8}.Release|Any CPU.Build.0 = Release|Any CPU
		{22AC7757-D3F3-4B7D-A757-30B6D72F3439}.Debug|Any CPU.ActiveCfg = Debug|Any CPU
		{22AC7757-D3F3-4B7D-A757-30B6D72F3439}.Debug|Any CPU.Build.0 = Debug|Any CPU
		{22AC7757-D3F3-4B7D-A757-30B6D72F3439}.Release|Any CPU.ActiveCfg = Release|Any CPU
		{22AC7757-D3F3-4B7D-A757-30B6D72F3439}.Release|Any CPU.Build.0 = Release|Any CPU
		{F9664E4F-6B9B-4AE5-AEF8-5B604F75AF10}.Debug|Any CPU.ActiveCfg = Debug|Any CPU
		{F9664E4F-6B9B-4AE5-AEF8-5B604F75AF10}.Debug|Any CPU.Build.0 = Debug|Any CPU
		{F9664E4F-6B9B-4AE5-AEF8-5B604F75AF10}.Release|Any CPU.ActiveCfg = Release|Any CPU
		{F9664E4F-6B9B-4AE5-AEF8-5B604F75AF10}.Release|Any CPU.Build.0 = Release|Any CPU
		{1A24801C-E7BA-4AFC-AA21-4EA17069A466}.Debug|Any CPU.ActiveCfg = Debug|Any CPU
		{1A24801C-E7BA-4AFC-AA21-4EA17069A466}.Debug|Any CPU.Build.0 = Debug|Any CPU
		{1A24801C-E7BA-4AFC-AA21-4EA17069A466}.Release|Any CPU.ActiveCfg = Release|Any CPU
		{1A24801C-E7BA-4AFC-AA21-4EA17069A466}.Release|Any CPU.Build.0 = Release|Any CPU
		{22F79136-9CE7-4384-A44D-7932FA01664B}.Debug|Any CPU.ActiveCfg = Debug|Any CPU
		{22F79136-9CE7-4384-A44D-7932FA01664B}.Debug|Any CPU.Build.0 = Debug|Any CPU
		{22F79136-9CE7-4384-A44D-7932FA01664B}.Release|Any CPU.ActiveCfg = Release|Any CPU
		{22F79136-9CE7-4384-A44D-7932FA01664B}.Release|Any CPU.Build.0 = Release|Any CPU
		{6E65D629-FB68-4CFB-A337-9F682A4E1EB5}.Debug|Any CPU.ActiveCfg = Debug|Any CPU
		{6E65D629-FB68-4CFB-A337-9F682A4E1EB5}.Debug|Any CPU.Build.0 = Debug|Any CPU
		{6E65D629-FB68-4CFB-A337-9F682A4E1EB5}.Release|Any CPU.ActiveCfg = Release|Any CPU
		{6E65D629-FB68-4CFB-A337-9F682A4E1EB5}.Release|Any CPU.Build.0 = Release|Any CPU
		{057CA651-D076-42B6-88B1-E15DA27CF92C}.Debug|Any CPU.ActiveCfg = Debug|Any CPU
		{057CA651-D076-42B6-88B1-E15DA27CF92C}.Debug|Any CPU.Build.0 = Debug|Any CPU
		{057CA651-D076-42B6-88B1-E15DA27CF92C}.Release|Any CPU.ActiveCfg = Release|Any CPU
		{057CA651-D076-42B6-88B1-E15DA27CF92C}.Release|Any CPU.Build.0 = Release|Any CPU
		{2FBBE29C-4516-4816-86FE-CA04F06F10A8}.Debug|Any CPU.ActiveCfg = Debug|Any CPU
		{2FBBE29C-4516-4816-86FE-CA04F06F10A8}.Debug|Any CPU.Build.0 = Debug|Any CPU
		{2FBBE29C-4516-4816-86FE-CA04F06F10A8}.Release|Any CPU.ActiveCfg = Release|Any CPU
		{2FBBE29C-4516-4816-86FE-CA04F06F10A8}.Release|Any CPU.Build.0 = Release|Any CPU
		{3C79F4C2-2EC4-4C29-B328-32E42BED66FE}.Debug|Any CPU.ActiveCfg = Debug|Any CPU
		{3C79F4C2-2EC4-4C29-B328-32E42BED66FE}.Debug|Any CPU.Build.0 = Debug|Any CPU
		{3C79F4C2-2EC4-4C29-B328-32E42BED66FE}.Release|Any CPU.ActiveCfg = Release|Any CPU
		{3C79F4C2-2EC4-4C29-B328-32E42BED66FE}.Release|Any CPU.Build.0 = Release|Any CPU
		{527D79DC-5837-4F6C-A98D-4B29E6554EF4}.Debug|Any CPU.ActiveCfg = Debug|Any CPU
		{527D79DC-5837-4F6C-A98D-4B29E6554EF4}.Debug|Any CPU.Build.0 = Debug|Any CPU
		{527D79DC-5837-4F6C-A98D-4B29E6554EF4}.Release|Any CPU.ActiveCfg = Release|Any CPU
		{527D79DC-5837-4F6C-A98D-4B29E6554EF4}.Release|Any CPU.Build.0 = Release|Any CPU
		{362AA671-E29A-42B1-A235-D1508CECA10E}.Debug|Any CPU.ActiveCfg = Debug|Any CPU
		{362AA671-E29A-42B1-A235-D1508CECA10E}.Debug|Any CPU.Build.0 = Debug|Any CPU
		{362AA671-E29A-42B1-A235-D1508CECA10E}.Release|Any CPU.ActiveCfg = Release|Any CPU
		{362AA671-E29A-42B1-A235-D1508CECA10E}.Release|Any CPU.Build.0 = Release|Any CPU
		{A355DA69-2B7A-4C29-86A0-78F2C29D05E7}.Debug|Any CPU.ActiveCfg = Debug|Any CPU
		{A355DA69-2B7A-4C29-86A0-78F2C29D05E7}.Debug|Any CPU.Build.0 = Debug|Any CPU
		{A355DA69-2B7A-4C29-86A0-78F2C29D05E7}.Release|Any CPU.ActiveCfg = Release|Any CPU
		{A355DA69-2B7A-4C29-86A0-78F2C29D05E7}.Release|Any CPU.Build.0 = Release|Any CPU
		{014C83FB-9E74-4647-B304-44579564C757}.Debug|Any CPU.ActiveCfg = Debug|Any CPU
		{014C83FB-9E74-4647-B304-44579564C757}.Debug|Any CPU.Build.0 = Debug|Any CPU
		{014C83FB-9E74-4647-B304-44579564C757}.Release|Any CPU.ActiveCfg = Release|Any CPU
		{014C83FB-9E74-4647-B304-44579564C757}.Release|Any CPU.Build.0 = Release|Any CPU
	EndGlobalSection
	GlobalSection(SolutionProperties) = preSolution
		HideSolutionNode = FALSE
	EndGlobalSection
	GlobalSection(ExtensibilityGlobals) = postSolution
		SolutionGuid = {DE9CBA2B-0CF2-40FB-9938-5B52D0A28E25}
	EndGlobalSection
EndGlobal
